Microsoft Visual Studio Solution File, Format Version 12.00
# Visual Studio Version 16
VisualStudioVersion = 16.0.0.0
MinimumVisualStudioVersion = 16.0.0.0
Project("{9A19103F-16F7-4668-BE54-9A1E7A4F7556}") = "ProductCatalogue", "ProductCatalogue.csproj", "{DAEDC0C1-A438-4DCB-BCA4-44913817743A}"
EndProject
Global
	GlobalSection(SolutionConfigurationPlatforms) = preSolution
		Debug|Any CPU = Debug|Any CPU
		Debug|x64 = Debug|x64
		Debug|x86 = Debug|x86
		Release|Any CPU = Release|Any CPU
		Release|x64 = Release|x64
		Release|x86 = Release|x86
	EndGlobalSection
	GlobalSection(ProjectConfigurationPlatforms) = postSolution
		{DAEDC0C1-A438-4DCB-BCA4-44913817743A}.Debug|Any CPU.ActiveCfg = Debug|Any CPU
		{DAEDC0C1-A438-4DCB-BCA4-44913817743A}.Debug|Any CPU.Build.0 = Debug|Any CPU
		{DAEDC0C1-A438-4DCB-BCA4-44913817743A}.Debug|x64.ActiveCfg = Debug|Any CPU
		{DAEDC0C1-A438-4DCB-BCA4-44913817743A}.Debug|x64.Build.0 = Debug|Any CPU
		{DAEDC0C1-A438-4DCB-BCA4-44913817743A}.Debug|x86.ActiveCfg = Debug|Any CPU
		{DAEDC0C1-A438-4DCB-BCA4-44913817743A}.Debug|x86.Build.0 = Debug|Any CPU
		{DAEDC0C1-A438-4DCB-BCA4-44913817743A}.Release|Any CPU.ActiveCfg = Release|Any CPU
		{DAEDC0C1-A438-4DCB-BCA4-44913817743A}.Release|Any CPU.Build.0 = Release|Any CPU
		{DAEDC0C1-A438-4DCB-BCA4-44913817743A}.Release|x64.ActiveCfg = Release|Any CPU
		{DAEDC0C1-A438-4DCB-BCA4-44913817743A}.Release|x64.Build.0 = Release|Any CPU
		{DAEDC0C1-A438-4DCB-BCA4-44913817743A}.Release|x86.ActiveCfg = Release|Any CPU
		{DAEDC0C1-A438-4DCB-BCA4-44913817743A}.Release|x86.Build.0 = Release|Any CPU
	EndGlobalSection
	GlobalSection(SolutionProperties) = preSolution
		HideSolutionNode = FALSE
	EndGlobalSection
	GlobalSection(ExtensibilityGlobals) = postSolution
		SolutionGuid = {F2F9655E-21B4-451D-BACD-974CA0B69F9D}
	EndGlobalSection
EndGlobal